// !$*UTF8*$!
{
	archiveVersion = 1;
	classes = {
	};
	objectVersion = 50;
	objects = {

/* Begin PBXBuildFile section */
		2B4260FB26AE979D0028307C /* WelcomeView.swift in Sources */ = {isa = PBXBuildFile; fileRef = 2B4260FA26AE979D0028307C /* WelcomeView.swift */; };
		2B4CF8B326AFA284008894BD /* ResortView.swift in Sources */ = {isa = PBXBuildFile; fileRef = 2B4CF8B226AFA284008894BD /* ResortView.swift */; };
		2B585D6D26AFC5490026F475 /* SkiDetailsView.swift in Sources */ = {isa = PBXBuildFile; fileRef = 2B585D6C26AFC5490026F475 /* SkiDetailsView.swift */; };
		2B585D6F26AFD15D0026F475 /* ResortDetailsView.swift in Sources */ = {isa = PBXBuildFile; fileRef = 2B585D6E26AFD15D0026F475 /* ResortDetailsView.swift */; };
		2B585D7126AFDF1A0026F475 /* Facility.swift in Sources */ = {isa = PBXBuildFile; fileRef = 2B585D7026AFDF1A0026F475 /* Facility.swift */; };
		2B7CD1FC26AE6240006CC85A /* SnowSeekerAppApp.swift in Sources */ = {isa = PBXBuildFile; fileRef = 2B7CD1FB26AE6240006CC85A /* SnowSeekerAppApp.swift */; };
		2B7CD1FE26AE6240006CC85A /* ContentView.swift in Sources */ = {isa = PBXBuildFile; fileRef = 2B7CD1FD26AE6240006CC85A /* ContentView.swift */; };
		2B7CD20026AE6242006CC85A /* Assets.xcassets in Resources */ = {isa = PBXBuildFile; fileRef = 2B7CD1FF26AE6242006CC85A /* Assets.xcassets */; };
		2B7CD20326AE6242006CC85A /* Preview Assets.xcassets in Resources */ = {isa = PBXBuildFile; fileRef = 2B7CD20226AE6242006CC85A /* Preview Assets.xcassets */; };
		2B7CD20B26AE62B1006CC85A /* resorts.json in Resources */ = {isa = PBXBuildFile; fileRef = 2B7CD20A26AE62B1006CC85A /* resorts.json */; };
		2B7CD20D26AE641C006CC85A /* Resort.swift in Sources */ = {isa = PBXBuildFile; fileRef = 2B7CD20C26AE641C006CC85A /* Resort.swift */; };
		2B7CD20F26AE6BE3006CC85A /* Extension_Bundle.swift in Sources */ = {isa = PBXBuildFile; fileRef = 2B7CD20E26AE6BE3006CC85A /* Extension_Bundle.swift */; };
/* End PBXBuildFile section */

/* Begin PBXFileReference section */
		2B4260FA26AE979D0028307C /* WelcomeView.swift */ = {isa = PBXFileReference; lastKnownFileType = sourcecode.swift; path = WelcomeView.swift; sourceTree = "<group>"; };
		2B4CF8B226AFA284008894BD /* ResortView.swift */ = {isa = PBXFileReference; lastKnownFileType = sourcecode.swift; path = ResortView.swift; sourceTree = "<group>"; };
		2B585D6C26AFC5490026F475 /* SkiDetailsView.swift */ = {isa = PBXFileReference; lastKnownFileType = sourcecode.swift; path = SkiDetailsView.swift; sourceTree = "<group>"; };
		2B585D6E26AFD15D0026F475 /* ResortDetailsView.swift */ = {isa = PBXFileReference; lastKnownFileType = sourcecode.swift; path = ResortDetailsView.swift; sourceTree = "<group>"; };
		2B585D7026AFDF1A0026F475 /* Facility.swift */ = {isa = PBXFileReference; lastKnownFileType = sourcecode.swift; path = Facility.swift; sourceTree = "<group>"; };
		2B7CD1F826AE6240006CC85A /* SnowSeekerApp.app */ = {isa = PBXFileReference; explicitFileType = wrapper.application; includeInIndex = 0; path = SnowSeekerApp.app; sourceTree = BUILT_PRODUCTS_DIR; };
		2B7CD1FB26AE6240006CC85A /* SnowSeekerAppApp.swift */ = {isa = PBXFileReference; lastKnownFileType = sourcecode.swift; path = SnowSeekerAppApp.swift; sourceTree = "<group>"; };
		2B7CD1FD26AE6240006CC85A /* ContentView.swift */ = {isa = PBXFileReference; lastKnownFileType = sourcecode.swift; path = ContentView.swift; sourceTree = "<group>"; };
		2B7CD1FF26AE6242006CC85A /* Assets.xcassets */ = {isa = PBXFileReference; lastKnownFileType = folder.assetcatalog; path = Assets.xcassets; sourceTree = "<group>"; };
		2B7CD20226AE6242006CC85A /* Preview Assets.xcassets */ = {isa = PBXFileReference; lastKnownFileType = folder.assetcatalog; path = "Preview Assets.xcassets"; sourceTree = "<group>"; };
		2B7CD20426AE6242006CC85A /* Info.plist */ = {isa = PBXFileReference; lastKnownFileType = text.plist.xml; path = Info.plist; sourceTree = "<group>"; };
		2B7CD20A26AE62B1006CC85A /* resorts.json */ = {isa = PBXFileReference; fileEncoding = 4; lastKnownFileType = text.json; name = resorts.json; path = "../../HackingWithSwift/SwiftUI/project19-files/resorts.json"; sourceTree = "<group>"; };
		2B7CD20C26AE641C006CC85A /* Resort.swift */ = {isa = PBXFileReference; lastKnownFileType = sourcecode.swift; path = Resort.swift; sourceTree = "<group>"; };
		2B7CD20E26AE6BE3006CC85A /* Extension_Bundle.swift */ = {isa = PBXFileReference; lastKnownFileType = sourcecode.swift; path = Extension_Bundle.swift; sourceTree = "<group>"; };
/* End PBXFileReference section */

/* Begin PBXFrameworksBuildPhase section */
		2B7CD1F526AE6240006CC85A /* Frameworks */ = {
			isa = PBXFrameworksBuildPhase;
			buildActionMask = 2147483647;
			files = (
			);
			runOnlyForDeploymentPostprocessing = 0;
		};
/* End PBXFrameworksBuildPhase section */

/* Begin PBXGroup section */
		2B7CD1EF26AE6240006CC85A = {
			isa = PBXGroup;
			children = (
				2B585D7026AFDF1A0026F475 /* Facility.swift */,
				2B585D6C26AFC5490026F475 /* SkiDetailsView.swift */,
				2B585D6E26AFD15D0026F475 /* ResortDetailsView.swift */,
				2B7CD1FA26AE6240006CC85A /* SnowSeekerApp */,
				2B7CD1F926AE6240006CC85A /* Products */,
			);
			sourceTree = "<group>";
		};
		2B7CD1F926AE6240006CC85A /* Products */ = {
			isa = PBXGroup;
			children = (
				2B7CD1F826AE6240006CC85A /* SnowSeekerApp.app */,
			);
			name = Products;
			sourceTree = "<group>";
		};
		2B7CD1FA26AE6240006CC85A /* SnowSeekerApp */ = {
			isa = PBXGroup;
			children = (
				2B7CD1FB26AE6240006CC85A /* SnowSeekerAppApp.swift */,
				2B7CD1FD26AE6240006CC85A /* ContentView.swift */,
				2B4CF8B226AFA284008894BD /* ResortView.swift */,
				2B4260FA26AE979D0028307C /* WelcomeView.swift */,
				2B7CD20E26AE6BE3006CC85A /* Extension_Bundle.swift */,
				2B7CD1FF26AE6242006CC85A /* Assets.xcassets */,
				2B7CD20A26AE62B1006CC85A /* resorts.json */,
				2B7CD20C26AE641C006CC85A /* Resort.swift */,
				2B7CD20426AE6242006CC85A /* Info.plist */,
				2B7CD20126AE6242006CC85A /* Preview Content */,
			);
			path = SnowSeekerApp;
			sourceTree = "<group>";
		};
		2B7CD20126AE6242006CC85A /* Preview Content */ = {
			isa = PBXGroup;
			children = (
				2B7CD20226AE6242006CC85A /* Preview Assets.xcassets */,
			);
			path = "Preview Content";
			sourceTree = "<group>";
		};
/* End PBXGroup section */

/* Begin PBXNativeTarget section */
		2B7CD1F726AE6240006CC85A /* SnowSeekerApp */ = {
			isa = PBXNativeTarget;
			buildConfigurationList = 2B7CD20726AE6242006CC85A /* Build configuration list for PBXNativeTarget "SnowSeekerApp" */;
			buildPhases = (
				2B7CD1F426AE6240006CC85A /* Sources */,
				2B7CD1F526AE6240006CC85A /* Frameworks */,
				2B7CD1F626AE6240006CC85A /* Resources */,
			);
			buildRules = (
			);
			dependencies = (
			);
			name = SnowSeekerApp;
			productName = SnowSeekerApp;
			productReference = 2B7CD1F826AE6240006CC85A /* SnowSeekerApp.app */;
			productType = "com.apple.product-type.application";
		};
/* End PBXNativeTarget section */

/* Begin PBXProject section */
		2B7CD1F026AE6240006CC85A /* Project object */ = {
			isa = PBXProject;
			attributes = {
				LastSwiftUpdateCheck = 1250;
				LastUpgradeCheck = 1250;
				TargetAttributes = {
					2B7CD1F726AE6240006CC85A = {
						CreatedOnToolsVersion = 12.5.1;
					};
				};
			};
			buildConfigurationList = 2B7CD1F326AE6240006CC85A /* Build configuration list for PBXProject "SnowSeekerApp" */;
			compatibilityVersion = "Xcode 9.3";
			developmentRegion = en;
			hasScannedForEncodings = 0;
			knownRegions = (
				en,
				Base,
			);
			mainGroup = 2B7CD1EF26AE6240006CC85A;
			productRefGroup = 2B7CD1F926AE6240006CC85A /* Products */;
			projectDirPath = "";
			projectRoot = "";
			targets = (
				2B7CD1F726AE6240006CC85A /* SnowSeekerApp */,
			);
		};
/* End PBXProject section */

/* Begin PBXResourcesBuildPhase section */
		2B7CD1F626AE6240006CC85A /* Resources */ = {
			isa = PBXResourcesBuildPhase;
			buildActionMask = 2147483647;
			files = (
				2B7CD20B26AE62B1006CC85A /* resorts.json in Resources */,
				2B7CD20326AE6242006CC85A /* Preview Assets.xcassets in Resources */,
				2B7CD20026AE6242006CC85A /* Assets.xcassets in Resources */,
			);
			runOnlyForDeploymentPostprocessing = 0;
		};
/* End PBXResourcesBuildPhase section */

/* Begin PBXSourcesBuildPhase section */
		2B7CD1F426AE6240006CC85A /* Sources */ = {
			isa = PBXSourcesBuildPhase;
			buildActionMask = 2147483647;
			files = (
				2B4260FB26AE979D0028307C /* WelcomeView.swift in Sources */,
				2B585D6D26AFC5490026F475 /* SkiDetailsView.swift in Sources */,
				2B585D6F26AFD15D0026F475 /* ResortDetailsView.swift in Sources */,
				2B585D7126AFDF1A0026F475 /* Facility.swift in Sources */,
				2B7CD1FE26AE6240006CC85A /* ContentView.swift in Sources */,
				2B7CD20D26AE641C006CC85A /* Resort.swift in Sources */,
				2B4CF8B326AFA284008894BD /* ResortView.swift in Sources */,
				2B7CD1FC26AE6240006CC85A /* SnowSeekerAppApp.swift in Sources */,
				2B7CD20F26AE6BE3006CC85A /* Extension_Bundle.swift in Sources */,
			);
			runOnlyForDeploymentPostprocessing = 0;
		};
/* End PBXSourcesBuildPhase section */

/* Begin XCBuildConfiguration section */
		2B7CD20526AE6242006CC85A /* Debug */ = {
			isa = XCBuildConfiguration;
			buildSettings = {
				ALWAYS_SEARCH_USER_PATHS = NO;
				CLANG_ANALYZER_NONNULL = YES;
				CLANG_ANALYZER_NUMBER_OBJECT_CONVERSION = YES_AGGRESSIVE;
				CLANG_CXX_LANGUAGE_STANDARD = "gnu++14";
				CLANG_CXX_LIBRARY = "libc++";
				CLANG_ENABLE_MODULES = YES;
				CLANG_ENABLE_OBJC_ARC = YES;
				CLANG_ENABLE_OBJC_WEAK = YES;
				CLANG_WARN_BLOCK_CAPTURE_AUTORELEASING = YES;
				CLANG_WARN_BOOL_CONVERSION = YES;
				CLANG_WARN_COMMA = YES;
				CLANG_WARN_CONSTANT_CONVERSION = YES;
				CLANG_WARN_DEPRECATED_OBJC_IMPLEMENTATIONS = YES;
				CLANG_WARN_DIRECT_OBJC_ISA_USAGE = YES_ERROR;
				CLANG_WARN_DOCUMENTATION_COMMENTS = YES;
				CLANG_WARN_EMPTY_BODY = YES;
				CLANG_WARN_ENUM_CONVERSION = YES;
				CLANG_WARN_INFINITE_RECURSION = YES;
				CLANG_WARN_INT_CONVERSION = YES;
				CLANG_WARN_NON_LITERAL_NULL_CONVERSION = YES;
				CLANG_WARN_OBJC_IMPLICIT_RETAIN_SELF = YES;
				CLANG_WARN_OBJC_LITERAL_CONVERSION = YES;
				CLANG_WARN_OBJC_ROOT_CLASS = YES_ERROR;
				CLANG_WARN_QUOTED_INCLUDE_IN_FRAMEWORK_HEADER = YES;
				CLANG_WARN_RANGE_LOOP_ANALYSIS = YES;
				CLANG_WARN_STRICT_PROTOTYPES = YES;
				CLANG_WARN_SUSPICIOUS_MOVE = YES;
				CLANG_WARN_UNGUARDED_AVAILABILITY = YES_AGGRESSIVE;
				CLANG_WARN_UNREACHABLE_CODE = YES;
				CLANG_WARN__DUPLICATE_METHOD_MATCH = YES;
				COPY_PHASE_STRIP = NO;
				DEBUG_INFORMATION_FORMAT = dwarf;
				ENABLE_STRICT_OBJC_MSGSEND = YES;
				ENABLE_TESTABILITY = YES;
				GCC_C_LANGUAGE_STANDARD = gnu11;
				GCC_DYNAMIC_NO_PIC = NO;
				GCC_NO_COMMON_BLOCKS = YES;
				GCC_OPTIMIZATION_LEVEL = 0;
				GCC_PREPROCESSOR_DEFINITIONS = (
					"DEBUG=1",
					"$(inherited)",
				);
				GCC_WARN_64_TO_32_BIT_CONVERSION = YES;
				GCC_WARN_ABOUT_RETURN_TYPE = YES_ERROR;
				GCC_WARN_UNDECLARED_SELECTOR = YES;
				GCC_WARN_UNINITIALIZED_AUTOS = YES_AGGRESSIVE;
				GCC_WARN_UNUSED_FUNCTION = YES;
				GCC_WARN_UNUSED_VARIABLE = YES;
				IPHONEOS_DEPLOYMENT_TARGET = 14.5;
				MTL_ENABLE_DEBUG_INFO = INCLUDE_SOURCE;
				MTL_FAST_MATH = YES;
				ONLY_ACTIVE_ARCH = YES;
				SDKROOT = iphoneos;
				SWIFT_ACTIVE_COMPILATION_CONDITIONS = DEBUG;
				SWIFT_OPTIMIZATION_LEVEL = "-Onone";
			};
			name = Debug;
		};
		2B7CD20626AE6242006CC85A /* Release */ = {
			isa = XCBuildConfiguration;
			buildSettings = {
				ALWAYS_SEARCH_USER_PATHS = NO;
				CLANG_ANALYZER_NONNULL = YES;
				CLANG_ANALYZER_NUMBER_OBJECT_CONVERSION = YES_AGGRESSIVE;
				CLANG_CXX_LANGUAGE_STANDARD = "gnu++14";
				CLANG_CXX_LIBRARY = "libc++";
				CLANG_ENABLE_MODULES = YES;
				CLANG_ENABLE_OBJC_ARC = YES;
				CLANG_ENABLE_OBJC_WEAK = YES;
				CLANG_WARN_BLOCK_CAPTURE_AUTORELEASING = YES;
				CLANG_WARN_BOOL_CONVERSION = YES;
				CLANG_WARN_COMMA = YES;
				CLANG_WARN_CONSTANT_CONVERSION = YES;
				CLANG_WARN_DEPRECATED_OBJC_IMPLEMENTATIONS = YES;
				CLANG_WARN_DIRECT_OBJC_ISA_USAGE = YES_ERROR;
				CLANG_WARN_DOCUMENTATION_COMMENTS = YES;
				CLANG_WARN_EMPTY_BODY = YES;
				CLANG_WARN_ENUM_CONVERSION = YES;
				CLANG_WARN_INFINITE_RECURSION = YES;
				CLANG_WARN_INT_CONVERSION = YES;
				CLANG_WARN_NON_LITERAL_NULL_CONVERSION = YES;
				CLANG_WARN_OBJC_IMPLICIT_RETAIN_SELF = YES;
				CLANG_WARN_OBJC_LITERAL_CONVERSION = YES;
				CLANG_WARN_OBJC_ROOT_CLASS = YES_ERROR;
				CLANG_WARN_QUOTED_INCLUDE_IN_FRAMEWORK_HEADER = YES;
				CLANG_WARN_RANGE_LOOP_ANALYSIS = YES;
				CLANG_WARN_STRICT_PROTOTYPES = YES;
				CLANG_WARN_SUSPICIOUS_MOVE = YES;
				CLANG_WARN_UNGUARDED_AVAILABILITY = YES_AGGRESSIVE;
				CLANG_WARN_UNREACHABLE_CODE = YES;
				CLANG_WARN__DUPLICATE_METHOD_MATCH = YES;
				COPY_PHASE_STRIP = NO;
				DEBUG_INFORMATION_FORMAT = "dwarf-with-dsym";
				ENABLE_NS_ASSERTIONS = NO;
				ENABLE_STRICT_OBJC_MSGSEND = YES;
				GCC_C_LANGUAGE_STANDARD = gnu11;
				GCC_NO_COMMON_BLOCKS = YES;
				GCC_WARN_64_TO_32_BIT_CONVERSION = YES;
				GCC_WARN_ABOUT_RETURN_TYPE = YES_ERROR;
				GCC_WARN_UNDECLARED_SELECTOR = YES;
				GCC_WARN_UNINITIALIZED_AUTOS = YES_AGGRESSIVE;
				GCC_WARN_UNUSED_FUNCTION = YES;
				GCC_WARN_UNUSED_VARIABLE = YES;
				IPHONEOS_DEPLOYMENT_TARGET = 14.5;
				MTL_ENABLE_DEBUG_INFO = NO;
				MTL_FAST_MATH = YES;
				SDKROOT = iphoneos;
				SWIFT_COMPILATION_MODE = wholemodule;
				SWIFT_OPTIMIZATION_LEVEL = "-O";
				VALIDATE_PRODUCT = YES;
			};
			name = Release;
		};
		2B7CD20826AE6242006CC85A /* Debug */ = {
			isa = XCBuildConfiguration;
			buildSettings = {
				ASSETCATALOG_COMPILER_APPICON_NAME = AppIcon;
				ASSETCATALOG_COMPILER_GLOBAL_ACCENT_COLOR_NAME = AccentColor;
				CODE_SIGN_STYLE = Automatic;
				DEVELOPMENT_ASSET_PATHS = "\"SnowSeekerApp/Preview Content\"";
				DEVELOPMENT_TEAM = 73842P7FP7;
				ENABLE_PREVIEWS = YES;
				INFOPLIST_FILE = SnowSeekerApp/Info.plist;
				IPHONEOS_DEPLOYMENT_TARGET = 14.0;
				LD_RUNPATH_SEARCH_PATHS = (
					"$(inherited)",
					"@executable_path/Frameworks",
				);
				PRODUCT_BUNDLE_IDENTIFIER = xunruan.practice.SnowSeekerApp;
				PRODUCT_NAME = "$(TARGET_NAME)";
				SWIFT_VERSION = 5.0;
				TARGETED_DEVICE_FAMILY = "1,2";
			};
			name = Debug;
		};
		2B7CD20926AE6242006CC85A /* Release */ = {
			isa = XCBuildConfiguration;
			buildSettings = {
				ASSETCATALOG_COMPILER_APPICON_NAME = AppIcon;
				ASSETCATALOG_COMPILER_GLOBAL_ACCENT_COLOR_NAME = AccentColor;
				CODE_SIGN_STYLE = Automatic;
				DEVELOPMENT_ASSET_PATHS = "\"SnowSeekerApp/Preview Content\"";
				DEVELOPMENT_TEAM = 73842P7FP7;
				ENABLE_PREVIEWS = YES;
				INFOPLIST_FILE = SnowSeekerApp/Info.plist;
				IPHONEOS_DEPLOYMENT_TARGET = 14.0;
				LD_RUNPATH_SEARCH_PATHS = (
					"$(inherited)",
					"@executable_path/Frameworks",
				);
				PRODUCT_BUNDLE_IDENTIFIER = xunruan.practice.SnowSeekerApp;
				PRODUCT_NAME = "$(TARGET_NAME)";
				SWIFT_VERSION = 5.0;
				TARGETED_DEVICE_FAMILY = "1,2";
			};
			name = Release;
		};
/* End XCBuildConfiguration section */

/* Begin XCConfigurationList section */
		2B7CD1F326AE6240006CC85A /* Build configuration list for PBXProject "SnowSeekerApp" */ = {
			isa = XCConfigurationList;
			buildConfigurations = (
				2B7CD20526AE6242006CC85A /* Debug */,
				2B7CD20626AE6242006CC85A /* Release */,
			);
			defaultConfigurationIsVisible = 0;
			defaultConfigurationName = Release;
		};
		2B7CD20726AE6242006CC85A /* Build configuration list for PBXNativeTarget "SnowSeekerApp" */ = {
			isa = XCConfigurationList;
			buildConfigurations = (
				2B7CD20826AE6242006CC85A /* Debug */,
				2B7CD20926AE6242006CC85A /* Release */,
			);
			defaultConfigurationIsVisible = 0;
			defaultConfigurationName = Release;
		};
/* End XCConfigurationList section */
	};
	rootObject = 2B7CD1F026AE6240006CC85A /* Project object */;
}
