// !$*UTF8*$!
{
	archiveVersion = 1;
	classes = {
	};
	objectVersion = 50;
	objects = {

/* Begin PBXBuildFile section */
		2B59F0B1269E8F0700A3C397 /* FilteredList.swift in Sources */ = {isa = PBXBuildFile; fileRef = 2B59F0B0269E8F0700A3C397 /* FilteredList.swift */; };
		2B59F0B3269E933E00A3C397 /* FilteredListGenerics.swift in Sources */ = {isa = PBXBuildFile; fileRef = 2B59F0B2269E933E00A3C397 /* FilteredListGenerics.swift */; };
		2B7CF118269DC951007558E3 /* CoreDataProjectApp.swift in Sources */ = {isa = PBXBuildFile; fileRef = 2B7CF117269DC951007558E3 /* CoreDataProjectApp.swift */; };
		2B7CF11A269DC951007558E3 /* ContentView.swift in Sources */ = {isa = PBXBuildFile; fileRef = 2B7CF119269DC951007558E3 /* ContentView.swift */; };
		2B7CF11C269DC952007558E3 /* Assets.xcassets in Resources */ = {isa = PBXBuildFile; fileRef = 2B7CF11B269DC952007558E3 /* Assets.xcassets */; };
		2B7CF11F269DC952007558E3 /* Preview Assets.xcassets in Resources */ = {isa = PBXBuildFile; fileRef = 2B7CF11E269DC952007558E3 /* Preview Assets.xcassets */; };
		2B7CF121269DC952007558E3 /* Persistence.swift in Sources */ = {isa = PBXBuildFile; fileRef = 2B7CF120269DC952007558E3 /* Persistence.swift */; };
		2B7CF124269DC952007558E3 /* CoreDataProject.xcdatamodeld in Sources */ = {isa = PBXBuildFile; fileRef = 2B7CF122269DC952007558E3 /* CoreDataProject.xcdatamodeld */; };
		2B7CF12D269DD85A007558E3 /* Movie+CoreDataClass.swift in Sources */ = {isa = PBXBuildFile; fileRef = 2B7CF12B269DD85A007558E3 /* Movie+CoreDataClass.swift */; };
		2B7CF12E269DD85A007558E3 /* Movie+CoreDataProperties.swift in Sources */ = {isa = PBXBuildFile; fileRef = 2B7CF12C269DD85A007558E3 /* Movie+CoreDataProperties.swift */; };
		2BF5B039269E896600930313 /* Singer+CoreDataClass.swift in Sources */ = {isa = PBXBuildFile; fileRef = 2BF5B037269E896600930313 /* Singer+CoreDataClass.swift */; };
		2BF5B03A269E896600930313 /* Singer+CoreDataProperties.swift in Sources */ = {isa = PBXBuildFile; fileRef = 2BF5B038269E896600930313 /* Singer+CoreDataProperties.swift */; };
/* End PBXBuildFile section */

/* Begin PBXFileReference section */
		2B59F0B0269E8F0700A3C397 /* FilteredList.swift */ = {isa = PBXFileReference; lastKnownFileType = sourcecode.swift; path = FilteredList.swift; sourceTree = "<group>"; };
		2B59F0B2269E933E00A3C397 /* FilteredListGenerics.swift */ = {isa = PBXFileReference; lastKnownFileType = sourcecode.swift; path = FilteredListGenerics.swift; sourceTree = "<group>"; };
		2B7CF114269DC951007558E3 /* CoreDataProject.app */ = {isa = PBXFileReference; explicitFileType = wrapper.application; includeInIndex = 0; path = CoreDataProject.app; sourceTree = BUILT_PRODUCTS_DIR; };
		2B7CF117269DC951007558E3 /* CoreDataProjectApp.swift */ = {isa = PBXFileReference; lastKnownFileType = sourcecode.swift; path = CoreDataProjectApp.swift; sourceTree = "<group>"; };
		2B7CF119269DC951007558E3 /* ContentView.swift */ = {isa = PBXFileReference; lastKnownFileType = sourcecode.swift; path = ContentView.swift; sourceTree = "<group>"; };
		2B7CF11B269DC952007558E3 /* Assets.xcassets */ = {isa = PBXFileReference; lastKnownFileType = folder.assetcatalog; path = Assets.xcassets; sourceTree = "<group>"; };
		2B7CF11E269DC952007558E3 /* Preview Assets.xcassets */ = {isa = PBXFileReference; lastKnownFileType = folder.assetcatalog; path = "Preview Assets.xcassets"; sourceTree = "<group>"; };
		2B7CF120269DC952007558E3 /* Persistence.swift */ = {isa = PBXFileReference; lastKnownFileType = sourcecode.swift; path = Persistence.swift; sourceTree = "<group>"; };
		2B7CF123269DC952007558E3 /* CoreDataProject.xcdatamodel */ = {isa = PBXFileReference; lastKnownFileType = wrapper.xcdatamodel; path = CoreDataProject.xcdatamodel; sourceTree = "<group>"; };
		2B7CF125269DC952007558E3 /* Info.plist */ = {isa = PBXFileReference; lastKnownFileType = text.plist.xml; path = Info.plist; sourceTree = "<group>"; };
		2B7CF12B269DD85A007558E3 /* Movie+CoreDataClass.swift */ = {isa = PBXFileReference; lastKnownFileType = sourcecode.swift; path = "Movie+CoreDataClass.swift"; sourceTree = "<group>"; };
		2B7CF12C269DD85A007558E3 /* Movie+CoreDataProperties.swift */ = {isa = PBXFileReference; lastKnownFileType = sourcecode.swift; path = "Movie+CoreDataProperties.swift"; sourceTree = "<group>"; };
		2BF5B037269E896600930313 /* Singer+CoreDataClass.swift */ = {isa = PBXFileReference; lastKnownFileType = sourcecode.swift; path = "Singer+CoreDataClass.swift"; sourceTree = "<group>"; };
		2BF5B038269E896600930313 /* Singer+CoreDataProperties.swift */ = {isa = PBXFileReference; lastKnownFileType = sourcecode.swift; path = "Singer+CoreDataProperties.swift"; sourceTree = "<group>"; };
/* End PBXFileReference section */

/* Begin PBXFrameworksBuildPhase section */
		2B7CF111269DC951007558E3 /* Frameworks */ = {
			isa = PBXFrameworksBuildPhase;
			buildActionMask = 2147483647;
			files = (
			);
			runOnlyForDeploymentPostprocessing = 0;
		};
/* End PBXFrameworksBuildPhase section */

/* Begin PBXGroup section */
		2B7CF10B269DC951007558E3 = {
			isa = PBXGroup;
			children = (
				2B59F0B0269E8F0700A3C397 /* FilteredList.swift */,
				2B59F0B2269E933E00A3C397 /* FilteredListGenerics.swift */,
				2BF5B037269E896600930313 /* Singer+CoreDataClass.swift */,
				2BF5B038269E896600930313 /* Singer+CoreDataProperties.swift */,
				2B7CF12B269DD85A007558E3 /* Movie+CoreDataClass.swift */,
				2B7CF12C269DD85A007558E3 /* Movie+CoreDataProperties.swift */,
				2B7CF116269DC951007558E3 /* CoreDataProject */,
				2B7CF115269DC951007558E3 /* Products */,
			);
			sourceTree = "<group>";
		};
		2B7CF115269DC951007558E3 /* Products */ = {
			isa = PBXGroup;
			children = (
				2B7CF114269DC951007558E3 /* CoreDataProject.app */,
			);
			name = Products;
			sourceTree = "<group>";
		};
		2B7CF116269DC951007558E3 /* CoreDataProject */ = {
			isa = PBXGroup;
			children = (
				2B7CF117269DC951007558E3 /* CoreDataProjectApp.swift */,
				2B7CF119269DC951007558E3 /* ContentView.swift */,
				2B7CF11B269DC952007558E3 /* Assets.xcassets */,
				2B7CF120269DC952007558E3 /* Persistence.swift */,
				2B7CF125269DC952007558E3 /* Info.plist */,
				2B7CF122269DC952007558E3 /* CoreDataProject.xcdatamodeld */,
				2B7CF11D269DC952007558E3 /* Preview Content */,
			);
			path = CoreDataProject;
			sourceTree = "<group>";
		};
		2B7CF11D269DC952007558E3 /* Preview Content */ = {
			isa = PBXGroup;
			children = (
				2B7CF11E269DC952007558E3 /* Preview Assets.xcassets */,
			);
			path = "Preview Content";
			sourceTree = "<group>";
		};
/* End PBXGroup section */

/* Begin PBXNativeTarget section */
		2B7CF113269DC951007558E3 /* CoreDataProject */ = {
			isa = PBXNativeTarget;
			buildConfigurationList = 2B7CF128269DC952007558E3 /* Build configuration list for PBXNativeTarget "CoreDataProject" */;
			buildPhases = (
				2B7CF110269DC951007558E3 /* Sources */,
				2B7CF111269DC951007558E3 /* Frameworks */,
				2B7CF112269DC951007558E3 /* Resources */,
			);
			buildRules = (
			);
			dependencies = (
			);
			name = CoreDataProject;
			productName = CoreDataProject;
			productReference = 2B7CF114269DC951007558E3 /* CoreDataProject.app */;
			productType = "com.apple.product-type.application";
		};
/* End PBXNativeTarget section */

/* Begin PBXProject section */
		2B7CF10C269DC951007558E3 /* Project object */ = {
			isa = PBXProject;
			attributes = {
				LastSwiftUpdateCheck = 1250;
				LastUpgradeCheck = 1250;
				TargetAttributes = {
					2B7CF113269DC951007558E3 = {
						CreatedOnToolsVersion = 12.5.1;
					};
				};
			};
			buildConfigurationList = 2B7CF10F269DC951007558E3 /* Build configuration list for PBXProject "CoreDataProject" */;
			compatibilityVersion = "Xcode 9.3";
			developmentRegion = en;
			hasScannedForEncodings = 0;
			knownRegions = (
				en,
				Base,
			);
			mainGroup = 2B7CF10B269DC951007558E3;
			productRefGroup = 2B7CF115269DC951007558E3 /* Products */;
			projectDirPath = "";
			projectRoot = "";
			targets = (
				2B7CF113269DC951007558E3 /* CoreDataProject */,
			);
		};
/* End PBXProject section */

/* Begin PBXResourcesBuildPhase section */
		2B7CF112269DC951007558E3 /* Resources */ = {
			isa = PBXResourcesBuildPhase;
			buildActionMask = 2147483647;
			files = (
				2B7CF11F269DC952007558E3 /* Preview Assets.xcassets in Resources */,
				2B7CF11C269DC952007558E3 /* Assets.xcassets in Resources */,
			);
			runOnlyForDeploymentPostprocessing = 0;
		};
/* End PBXResourcesBuildPhase section */

/* Begin PBXSourcesBuildPhase section */
		2B7CF110269DC951007558E3 /* Sources */ = {
			isa = PBXSourcesBuildPhase;
			buildActionMask = 2147483647;
			files = (
				2B59F0B3269E933E00A3C397 /* FilteredListGenerics.swift in Sources */,
				2BF5B039269E896600930313 /* Singer+CoreDataClass.swift in Sources */,
				2B7CF121269DC952007558E3 /* Persistence.swift in Sources */,
				2B59F0B1269E8F0700A3C397 /* FilteredList.swift in Sources */,
				2B7CF11A269DC951007558E3 /* ContentView.swift in Sources */,
				2B7CF124269DC952007558E3 /* CoreDataProject.xcdatamodeld in Sources */,
				2B7CF12D269DD85A007558E3 /* Movie+CoreDataClass.swift in Sources */,
				2BF5B03A269E896600930313 /* Singer+CoreDataProperties.swift in Sources */,
				2B7CF12E269DD85A007558E3 /* Movie+CoreDataProperties.swift in Sources */,
				2B7CF118269DC951007558E3 /* CoreDataProjectApp.swift in Sources */,
			);
			runOnlyForDeploymentPostprocessing = 0;
		};
/* End PBXSourcesBuildPhase section */

/* Begin XCBuildConfiguration section */
		2B7CF126269DC952007558E3 /* Debug */ = {
			isa = XCBuildConfiguration;
			buildSettings = {
				ALWAYS_SEARCH_USER_PATHS = NO;
				CLANG_ANALYZER_NONNULL = YES;
				CLANG_ANALYZER_NUMBER_OBJECT_CONVERSION = YES_AGGRESSIVE;
				CLANG_CXX_LANGUAGE_STANDARD = "gnu++14";
				CLANG_CXX_LIBRARY = "libc++";
				CLANG_ENABLE_MODULES = YES;
				CLANG_ENABLE_OBJC_ARC = YES;
				CLANG_ENABLE_OBJC_WEAK = YES;
				CLANG_WARN_BLOCK_CAPTURE_AUTORELEASING = YES;
				CLANG_WARN_BOOL_CONVERSION = YES;
				CLANG_WARN_COMMA = YES;
				CLANG_WARN_CONSTANT_CONVERSION = YES;
				CLANG_WARN_DEPRECATED_OBJC_IMPLEMENTATIONS = YES;
				CLANG_WARN_DIRECT_OBJC_ISA_USAGE = YES_ERROR;
				CLANG_WARN_DOCUMENTATION_COMMENTS = YES;
				CLANG_WARN_EMPTY_BODY = YES;
				CLANG_WARN_ENUM_CONVERSION = YES;
				CLANG_WARN_INFINITE_RECURSION = YES;
				CLANG_WARN_INT_CONVERSION = YES;
				CLANG_WARN_NON_LITERAL_NULL_CONVERSION = YES;
				CLANG_WARN_OBJC_IMPLICIT_RETAIN_SELF = YES;
				CLANG_WARN_OBJC_LITERAL_CONVERSION = YES;
				CLANG_WARN_OBJC_ROOT_CLASS = YES_ERROR;
				CLANG_WARN_QUOTED_INCLUDE_IN_FRAMEWORK_HEADER = YES;
				CLANG_WARN_RANGE_LOOP_ANALYSIS = YES;
				CLANG_WARN_STRICT_PROTOTYPES = YES;
				CLANG_WARN_SUSPICIOUS_MOVE = YES;
				CLANG_WARN_UNGUARDED_AVAILABILITY = YES_AGGRESSIVE;
				CLANG_WARN_UNREACHABLE_CODE = YES;
				CLANG_WARN__DUPLICATE_METHOD_MATCH = YES;
				COPY_PHASE_STRIP = NO;
				DEBUG_INFORMATION_FORMAT = dwarf;
				ENABLE_STRICT_OBJC_MSGSEND = YES;
				ENABLE_TESTABILITY = YES;
				GCC_C_LANGUAGE_STANDARD = gnu11;
				GCC_DYNAMIC_NO_PIC = NO;
				GCC_NO_COMMON_BLOCKS = YES;
				GCC_OPTIMIZATION_LEVEL = 0;
				GCC_PREPROCESSOR_DEFINITIONS = (
					"DEBUG=1",
					"$(inherited)",
				);
				GCC_WARN_64_TO_32_BIT_CONVERSION = YES;
				GCC_WARN_ABOUT_RETURN_TYPE = YES_ERROR;
				GCC_WARN_UNDECLARED_SELECTOR = YES;
				GCC_WARN_UNINITIALIZED_AUTOS = YES_AGGRESSIVE;
				GCC_WARN_UNUSED_FUNCTION = YES;
				GCC_WARN_UNUSED_VARIABLE = YES;
				IPHONEOS_DEPLOYMENT_TARGET = 14.5;
				MTL_ENABLE_DEBUG_INFO = INCLUDE_SOURCE;
				MTL_FAST_MATH = YES;
				ONLY_ACTIVE_ARCH = YES;
				SDKROOT = iphoneos;
				SWIFT_ACTIVE_COMPILATION_CONDITIONS = DEBUG;
				SWIFT_OPTIMIZATION_LEVEL = "-Onone";
			};
			name = Debug;
		};
		2B7CF127269DC952007558E3 /* Release */ = {
			isa = XCBuildConfiguration;
			buildSettings = {
				ALWAYS_SEARCH_USER_PATHS = NO;
				CLANG_ANALYZER_NONNULL = YES;
				CLANG_ANALYZER_NUMBER_OBJECT_CONVERSION = YES_AGGRESSIVE;
				CLANG_CXX_LANGUAGE_STANDARD = "gnu++14";
				CLANG_CXX_LIBRARY = "libc++";
				CLANG_ENABLE_MODULES = YES;
				CLANG_ENABLE_OBJC_ARC = YES;
				CLANG_ENABLE_OBJC_WEAK = YES;
				CLANG_WARN_BLOCK_CAPTURE_AUTORELEASING = YES;
				CLANG_WARN_BOOL_CONVERSION = YES;
				CLANG_WARN_COMMA = YES;
				CLANG_WARN_CONSTANT_CONVERSION = YES;
				CLANG_WARN_DEPRECATED_OBJC_IMPLEMENTATIONS = YES;
				CLANG_WARN_DIRECT_OBJC_ISA_USAGE = YES_ERROR;
				CLANG_WARN_DOCUMENTATION_COMMENTS = YES;
				CLANG_WARN_EMPTY_BODY = YES;
				CLANG_WARN_ENUM_CONVERSION = YES;
				CLANG_WARN_INFINITE_RECURSION = YES;
				CLANG_WARN_INT_CONVERSION = YES;
				CLANG_WARN_NON_LITERAL_NULL_CONVERSION = YES;
				CLANG_WARN_OBJC_IMPLICIT_RETAIN_SELF = YES;
				CLANG_WARN_OBJC_LITERAL_CONVERSION = YES;
				CLANG_WARN_OBJC_ROOT_CLASS = YES_ERROR;
				CLANG_WARN_QUOTED_INCLUDE_IN_FRAMEWORK_HEADER = YES;
				CLANG_WARN_RANGE_LOOP_ANALYSIS = YES;
				CLANG_WARN_STRICT_PROTOTYPES = YES;
				CLANG_WARN_SUSPICIOUS_MOVE = YES;
				CLANG_WARN_UNGUARDED_AVAILABILITY = YES_AGGRESSIVE;
				CLANG_WARN_UNREACHABLE_CODE = YES;
				CLANG_WARN__DUPLICATE_METHOD_MATCH = YES;
				COPY_PHASE_STRIP = NO;
				DEBUG_INFORMATION_FORMAT = "dwarf-with-dsym";
				ENABLE_NS_ASSERTIONS = NO;
				ENABLE_STRICT_OBJC_MSGSEND = YES;
				GCC_C_LANGUAGE_STANDARD = gnu11;
				GCC_NO_COMMON_BLOCKS = YES;
				GCC_WARN_64_TO_32_BIT_CONVERSION = YES;
				GCC_WARN_ABOUT_RETURN_TYPE = YES_ERROR;
				GCC_WARN_UNDECLARED_SELECTOR = YES;
				GCC_WARN_UNINITIALIZED_AUTOS = YES_AGGRESSIVE;
				GCC_WARN_UNUSED_FUNCTION = YES;
				GCC_WARN_UNUSED_VARIABLE = YES;
				IPHONEOS_DEPLOYMENT_TARGET = 14.5;
				MTL_ENABLE_DEBUG_INFO = NO;
				MTL_FAST_MATH = YES;
				SDKROOT = iphoneos;
				SWIFT_COMPILATION_MODE = wholemodule;
				SWIFT_OPTIMIZATION_LEVEL = "-O";
				VALIDATE_PRODUCT = YES;
			};
			name = Release;
		};
		2B7CF129269DC952007558E3 /* Debug */ = {
			isa = XCBuildConfiguration;
			buildSettings = {
				ASSETCATALOG_COMPILER_APPICON_NAME = AppIcon;
				ASSETCATALOG_COMPILER_GLOBAL_ACCENT_COLOR_NAME = AccentColor;
				CODE_SIGN_STYLE = Automatic;
				DEVELOPMENT_ASSET_PATHS = "\"CoreDataProject/Preview Content\"";
				DEVELOPMENT_TEAM = 73842P7FP7;
				ENABLE_PREVIEWS = YES;
				INFOPLIST_FILE = CoreDataProject/Info.plist;
				IPHONEOS_DEPLOYMENT_TARGET = 14.0;
				LD_RUNPATH_SEARCH_PATHS = (
					"$(inherited)",
					"@executable_path/Frameworks",
				);
				PRODUCT_BUNDLE_IDENTIFIER = com.xunruanpractice.CoreDataProject;
				PRODUCT_NAME = "$(TARGET_NAME)";
				SWIFT_VERSION = 5.0;
				TARGETED_DEVICE_FAMILY = "1,2";
			};
			name = Debug;
		};
		2B7CF12A269DC952007558E3 /* Release */ = {
			isa = XCBuildConfiguration;
			buildSettings = {
				ASSETCATALOG_COMPILER_APPICON_NAME = AppIcon;
				ASSETCATALOG_COMPILER_GLOBAL_ACCENT_COLOR_NAME = AccentColor;
				CODE_SIGN_STYLE = Automatic;
				DEVELOPMENT_ASSET_PATHS = "\"CoreDataProject/Preview Content\"";
				DEVELOPMENT_TEAM = 73842P7FP7;
				ENABLE_PREVIEWS = YES;
				INFOPLIST_FILE = CoreDataProject/Info.plist;
				IPHONEOS_DEPLOYMENT_TARGET = 14.0;
				LD_RUNPATH_SEARCH_PATHS = (
					"$(inherited)",
					"@executable_path/Frameworks",
				);
				PRODUCT_BUNDLE_IDENTIFIER = com.xunruanpractice.CoreDataProject;
				PRODUCT_NAME = "$(TARGET_NAME)";
				SWIFT_VERSION = 5.0;
				TARGETED_DEVICE_FAMILY = "1,2";
			};
			name = Release;
		};
/* End XCBuildConfiguration section */

/* Begin XCConfigurationList section */
		2B7CF10F269DC951007558E3 /* Build configuration list for PBXProject "CoreDataProject" */ = {
			isa = XCConfigurationList;
			buildConfigurations = (
				2B7CF126269DC952007558E3 /* Debug */,
				2B7CF127269DC952007558E3 /* Release */,
			);
			defaultConfigurationIsVisible = 0;
			defaultConfigurationName = Release;
		};
		2B7CF128269DC952007558E3 /* Build configuration list for PBXNativeTarget "CoreDataProject" */ = {
			isa = XCConfigurationList;
			buildConfigurations = (
				2B7CF129269DC952007558E3 /* Debug */,
				2B7CF12A269DC952007558E3 /* Release */,
			);
			defaultConfigurationIsVisible = 0;
			defaultConfigurationName = Release;
		};
/* End XCConfigurationList section */

/* Begin XCVersionGroup section */
		2B7CF122269DC952007558E3 /* CoreDataProject.xcdatamodeld */ = {
			isa = XCVersionGroup;
			children = (
				2B7CF123269DC952007558E3 /* CoreDataProject.xcdatamodel */,
			);
			currentVersion = 2B7CF123269DC952007558E3 /* CoreDataProject.xcdatamodel */;
			path = CoreDataProject.xcdatamodeld;
			sourceTree = "<group>";
			versionGroupType = wrapper.xcdatamodel;
		};
/* End XCVersionGroup section */
	};
	rootObject = 2B7CF10C269DC951007558E3 /* Project object */;
}
