// !$*UTF8*$!
{
	archiveVersion = 1;
	classes = {
	};
	objectVersion = 55;
	objects = {

/* Begin PBXBuildFile section */
		2B131ACB26CD1ECE00CCE2DB /* AppDelegate.swift in Sources */ = {isa = PBXBuildFile; fileRef = 2B131ACA26CD1ECE00CCE2DB /* AppDelegate.swift */; };
		2B131ACD26CD1ECE00CCE2DB /* GameScene.sks in Resources */ = {isa = PBXBuildFile; fileRef = 2B131ACC26CD1ECE00CCE2DB /* GameScene.sks */; };
		2B131AD126CD1ECE00CCE2DB /* GameScene.swift in Sources */ = {isa = PBXBuildFile; fileRef = 2B131AD026CD1ECE00CCE2DB /* GameScene.swift */; };
		2B131AD326CD1ECE00CCE2DB /* GameViewController.swift in Sources */ = {isa = PBXBuildFile; fileRef = 2B131AD226CD1ECE00CCE2DB /* GameViewController.swift */; };
		2B131AD626CD1ECE00CCE2DB /* Main.storyboard in Resources */ = {isa = PBXBuildFile; fileRef = 2B131AD426CD1ECE00CCE2DB /* Main.storyboard */; };
		2B131AD826CD1ED000CCE2DB /* Assets.xcassets in Resources */ = {isa = PBXBuildFile; fileRef = 2B131AD726CD1ED000CCE2DB /* Assets.xcassets */; };
		2B131ADB26CD1ED000CCE2DB /* LaunchScreen.storyboard in Resources */ = {isa = PBXBuildFile; fileRef = 2B131AD926CD1ED000CCE2DB /* LaunchScreen.storyboard */; };
		2B131AE326CD1F7600CCE2DB /* whackBad.caf in Resources */ = {isa = PBXBuildFile; fileRef = 2B131AE126CD1F7600CCE2DB /* whackBad.caf */; };
		2B131AE426CD1F7600CCE2DB /* whack.caf in Resources */ = {isa = PBXBuildFile; fileRef = 2B131AE226CD1F7600CCE2DB /* whack.caf */; };
		2B131AE626CD2AFE00CCE2DB /* WhackSlot.swift in Sources */ = {isa = PBXBuildFile; fileRef = 2B131AE526CD2AFE00CCE2DB /* WhackSlot.swift */; };
		2B74470B26CE256600767F52 /* gameOver.m4a in Resources */ = {isa = PBXBuildFile; fileRef = 2B74470A26CE256600767F52 /* gameOver.m4a */; };
/* End PBXBuildFile section */

/* Begin PBXFileReference section */
		2B131AC726CD1ECE00CCE2DB /* Project14.app */ = {isa = PBXFileReference; explicitFileType = wrapper.application; includeInIndex = 0; path = Project14.app; sourceTree = BUILT_PRODUCTS_DIR; };
		2B131ACA26CD1ECE00CCE2DB /* AppDelegate.swift */ = {isa = PBXFileReference; lastKnownFileType = sourcecode.swift; path = AppDelegate.swift; sourceTree = "<group>"; };
		2B131ACC26CD1ECE00CCE2DB /* GameScene.sks */ = {isa = PBXFileReference; lastKnownFileType = file.sks; path = GameScene.sks; sourceTree = "<group>"; };
		2B131AD026CD1ECE00CCE2DB /* GameScene.swift */ = {isa = PBXFileReference; lastKnownFileType = sourcecode.swift; path = GameScene.swift; sourceTree = "<group>"; };
		2B131AD226CD1ECE00CCE2DB /* GameViewController.swift */ = {isa = PBXFileReference; lastKnownFileType = sourcecode.swift; path = GameViewController.swift; sourceTree = "<group>"; };
		2B131AD526CD1ECE00CCE2DB /* Base */ = {isa = PBXFileReference; lastKnownFileType = file.storyboard; name = Base; path = Base.lproj/Main.storyboard; sourceTree = "<group>"; };
		2B131AD726CD1ED000CCE2DB /* Assets.xcassets */ = {isa = PBXFileReference; lastKnownFileType = folder.assetcatalog; path = Assets.xcassets; sourceTree = "<group>"; };
		2B131ADA26CD1ED000CCE2DB /* Base */ = {isa = PBXFileReference; lastKnownFileType = file.storyboard; name = Base; path = Base.lproj/LaunchScreen.storyboard; sourceTree = "<group>"; };
		2B131AE126CD1F7600CCE2DB /* whackBad.caf */ = {isa = PBXFileReference; lastKnownFileType = file; name = whackBad.caf; path = "../../../SwiftUI/HackingWithSwift/Classic/project14-files/Content/whackBad.caf"; sourceTree = "<group>"; };
		2B131AE226CD1F7600CCE2DB /* whack.caf */ = {isa = PBXFileReference; lastKnownFileType = file; name = whack.caf; path = "../../../SwiftUI/HackingWithSwift/Classic/project14-files/Content/whack.caf"; sourceTree = "<group>"; };
		2B131AE526CD2AFE00CCE2DB /* WhackSlot.swift */ = {isa = PBXFileReference; lastKnownFileType = sourcecode.swift; path = WhackSlot.swift; sourceTree = "<group>"; };
		2B74470A26CE256600767F52 /* gameOver.m4a */ = {isa = PBXFileReference; lastKnownFileType = file; path = gameOver.m4a; sourceTree = "<group>"; };
/* End PBXFileReference section */

/* Begin PBXFrameworksBuildPhase section */
		2B131AC426CD1ECE00CCE2DB /* Frameworks */ = {
			isa = PBXFrameworksBuildPhase;
			buildActionMask = 2147483647;
			files = (
			);
			runOnlyForDeploymentPostprocessing = 0;
		};
/* End PBXFrameworksBuildPhase section */

/* Begin PBXGroup section */
		2B131ABE26CD1ECE00CCE2DB = {
			isa = PBXGroup;
			children = (
				2B131AC926CD1ECE00CCE2DB /* Project14 */,
				2B131AC826CD1ECE00CCE2DB /* Products */,
			);
			sourceTree = "<group>";
		};
		2B131AC826CD1ECE00CCE2DB /* Products */ = {
			isa = PBXGroup;
			children = (
				2B131AC726CD1ECE00CCE2DB /* Project14.app */,
			);
			name = Products;
			sourceTree = "<group>";
		};
		2B131AC926CD1ECE00CCE2DB /* Project14 */ = {
			isa = PBXGroup;
			children = (
				2B131ACA26CD1ECE00CCE2DB /* AppDelegate.swift */,
				2B131ACC26CD1ECE00CCE2DB /* GameScene.sks */,
				2B131AD026CD1ECE00CCE2DB /* GameScene.swift */,
				2B131AE526CD2AFE00CCE2DB /* WhackSlot.swift */,
				2B131AD226CD1ECE00CCE2DB /* GameViewController.swift */,
				2B131AD426CD1ECE00CCE2DB /* Main.storyboard */,
				2B131AD726CD1ED000CCE2DB /* Assets.xcassets */,
				2B74470A26CE256600767F52 /* gameOver.m4a */,
				2B131AE226CD1F7600CCE2DB /* whack.caf */,
				2B131AE126CD1F7600CCE2DB /* whackBad.caf */,
				2B131AD926CD1ED000CCE2DB /* LaunchScreen.storyboard */,
			);
			path = Project14;
			sourceTree = "<group>";
		};
/* End PBXGroup section */

/* Begin PBXNativeTarget section */
		2B131AC626CD1ECE00CCE2DB /* Project14 */ = {
			isa = PBXNativeTarget;
			buildConfigurationList = 2B131ADE26CD1ED000CCE2DB /* Build configuration list for PBXNativeTarget "Project14" */;
			buildPhases = (
				2B131AC326CD1ECE00CCE2DB /* Sources */,
				2B131AC426CD1ECE00CCE2DB /* Frameworks */,
				2B131AC526CD1ECE00CCE2DB /* Resources */,
			);
			buildRules = (
			);
			dependencies = (
			);
			name = Project14;
			productName = Project14;
			productReference = 2B131AC726CD1ECE00CCE2DB /* Project14.app */;
			productType = "com.apple.product-type.application";
		};
/* End PBXNativeTarget section */

/* Begin PBXProject section */
		2B131ABF26CD1ECE00CCE2DB /* Project object */ = {
			isa = PBXProject;
			attributes = {
				BuildIndependentTargetsInParallel = 1;
				LastSwiftUpdateCheck = 1300;
				LastUpgradeCheck = 1300;
				TargetAttributes = {
					2B131AC626CD1ECE00CCE2DB = {
						CreatedOnToolsVersion = 13.0;
					};
				};
			};
			buildConfigurationList = 2B131AC226CD1ECE00CCE2DB /* Build configuration list for PBXProject "Project14" */;
			compatibilityVersion = "Xcode 13.0";
			developmentRegion = en;
			hasScannedForEncodings = 0;
			knownRegions = (
				en,
				Base,
			);
			mainGroup = 2B131ABE26CD1ECE00CCE2DB;
			productRefGroup = 2B131AC826CD1ECE00CCE2DB /* Products */;
			projectDirPath = "";
			projectRoot = "";
			targets = (
				2B131AC626CD1ECE00CCE2DB /* Project14 */,
			);
		};
/* End PBXProject section */

/* Begin PBXResourcesBuildPhase section */
		2B131AC526CD1ECE00CCE2DB /* Resources */ = {
			isa = PBXResourcesBuildPhase;
			buildActionMask = 2147483647;
			files = (
				2B74470B26CE256600767F52 /* gameOver.m4a in Resources */,
				2B131AE326CD1F7600CCE2DB /* whackBad.caf in Resources */,
				2B131AD626CD1ECE00CCE2DB /* Main.storyboard in Resources */,
				2B131ACD26CD1ECE00CCE2DB /* GameScene.sks in Resources */,
				2B131AD826CD1ED000CCE2DB /* Assets.xcassets in Resources */,
				2B131ADB26CD1ED000CCE2DB /* LaunchScreen.storyboard in Resources */,
				2B131AE426CD1F7600CCE2DB /* whack.caf in Resources */,
			);
			runOnlyForDeploymentPostprocessing = 0;
		};
/* End PBXResourcesBuildPhase section */

/* Begin PBXSourcesBuildPhase section */
		2B131AC326CD1ECE00CCE2DB /* Sources */ = {
			isa = PBXSourcesBuildPhase;
			buildActionMask = 2147483647;
			files = (
				2B131AD126CD1ECE00CCE2DB /* GameScene.swift in Sources */,
				2B131AD326CD1ECE00CCE2DB /* GameViewController.swift in Sources */,
				2B131AE626CD2AFE00CCE2DB /* WhackSlot.swift in Sources */,
				2B131ACB26CD1ECE00CCE2DB /* AppDelegate.swift in Sources */,
			);
			runOnlyForDeploymentPostprocessing = 0;
		};
/* End PBXSourcesBuildPhase section */

/* Begin PBXVariantGroup section */
		2B131AD426CD1ECE00CCE2DB /* Main.storyboard */ = {
			isa = PBXVariantGroup;
			children = (
				2B131AD526CD1ECE00CCE2DB /* Base */,
			);
			name = Main.storyboard;
			sourceTree = "<group>";
		};
		2B131AD926CD1ED000CCE2DB /* LaunchScreen.storyboard */ = {
			isa = PBXVariantGroup;
			children = (
				2B131ADA26CD1ED000CCE2DB /* Base */,
			);
			name = LaunchScreen.storyboard;
			sourceTree = "<group>";
		};
/* End PBXVariantGroup section */

/* Begin XCBuildConfiguration section */
		2B131ADC26CD1ED000CCE2DB /* Debug */ = {
			isa = XCBuildConfiguration;
			buildSettings = {
				ALWAYS_SEARCH_USER_PATHS = NO;
				CLANG_ANALYZER_NONNULL = YES;
				CLANG_ANALYZER_NUMBER_OBJECT_CONVERSION = YES_AGGRESSIVE;
				CLANG_CXX_LANGUAGE_STANDARD = "gnu++17";
				CLANG_CXX_LIBRARY = "libc++";
				CLANG_ENABLE_MODULES = YES;
				CLANG_ENABLE_OBJC_ARC = YES;
				CLANG_ENABLE_OBJC_WEAK = YES;
				CLANG_WARN_BLOCK_CAPTURE_AUTORELEASING = YES;
				CLANG_WARN_BOOL_CONVERSION = YES;
				CLANG_WARN_COMMA = YES;
				CLANG_WARN_CONSTANT_CONVERSION = YES;
				CLANG_WARN_DEPRECATED_OBJC_IMPLEMENTATIONS = YES;
				CLANG_WARN_DIRECT_OBJC_ISA_USAGE = YES_ERROR;
				CLANG_WARN_DOCUMENTATION_COMMENTS = YES;
				CLANG_WARN_EMPTY_BODY = YES;
				CLANG_WARN_ENUM_CONVERSION = YES;
				CLANG_WARN_INFINITE_RECURSION = YES;
				CLANG_WARN_INT_CONVERSION = YES;
				CLANG_WARN_NON_LITERAL_NULL_CONVERSION = YES;
				CLANG_WARN_OBJC_IMPLICIT_RETAIN_SELF = YES;
				CLANG_WARN_OBJC_LITERAL_CONVERSION = YES;
				CLANG_WARN_OBJC_ROOT_CLASS = YES_ERROR;
				CLANG_WARN_QUOTED_INCLUDE_IN_FRAMEWORK_HEADER = YES;
				CLANG_WARN_RANGE_LOOP_ANALYSIS = YES;
				CLANG_WARN_STRICT_PROTOTYPES = YES;
				CLANG_WARN_SUSPICIOUS_MOVE = YES;
				CLANG_WARN_UNGUARDED_AVAILABILITY = YES_AGGRESSIVE;
				CLANG_WARN_UNREACHABLE_CODE = YES;
				CLANG_WARN__DUPLICATE_METHOD_MATCH = YES;
				COPY_PHASE_STRIP = NO;
				DEBUG_INFORMATION_FORMAT = dwarf;
				ENABLE_STRICT_OBJC_MSGSEND = YES;
				ENABLE_TESTABILITY = YES;
				GCC_C_LANGUAGE_STANDARD = gnu11;
				GCC_DYNAMIC_NO_PIC = NO;
				GCC_NO_COMMON_BLOCKS = YES;
				GCC_OPTIMIZATION_LEVEL = 0;
				GCC_PREPROCESSOR_DEFINITIONS = (
					"DEBUG=1",
					"$(inherited)",
				);
				GCC_WARN_64_TO_32_BIT_CONVERSION = YES;
				GCC_WARN_ABOUT_RETURN_TYPE = YES_ERROR;
				GCC_WARN_UNDECLARED_SELECTOR = YES;
				GCC_WARN_UNINITIALIZED_AUTOS = YES_AGGRESSIVE;
				GCC_WARN_UNUSED_FUNCTION = YES;
				GCC_WARN_UNUSED_VARIABLE = YES;
				IPHONEOS_DEPLOYMENT_TARGET = 15.0;
				MTL_ENABLE_DEBUG_INFO = INCLUDE_SOURCE;
				MTL_FAST_MATH = YES;
				ONLY_ACTIVE_ARCH = YES;
				SDKROOT = iphoneos;
				SWIFT_ACTIVE_COMPILATION_CONDITIONS = DEBUG;
				SWIFT_OPTIMIZATION_LEVEL = "-Onone";
			};
			name = Debug;
		};
		2B131ADD26CD1ED000CCE2DB /* Release */ = {
			isa = XCBuildConfiguration;
			buildSettings = {
				ALWAYS_SEARCH_USER_PATHS = NO;
				CLANG_ANALYZER_NONNULL = YES;
				CLANG_ANALYZER_NUMBER_OBJECT_CONVERSION = YES_AGGRESSIVE;
				CLANG_CXX_LANGUAGE_STANDARD = "gnu++17";
				CLANG_CXX_LIBRARY = "libc++";
				CLANG_ENABLE_MODULES = YES;
				CLANG_ENABLE_OBJC_ARC = YES;
				CLANG_ENABLE_OBJC_WEAK = YES;
				CLANG_WARN_BLOCK_CAPTURE_AUTORELEASING = YES;
				CLANG_WARN_BOOL_CONVERSION = YES;
				CLANG_WARN_COMMA = YES;
				CLANG_WARN_CONSTANT_CONVERSION = YES;
				CLANG_WARN_DEPRECATED_OBJC_IMPLEMENTATIONS = YES;
				CLANG_WARN_DIRECT_OBJC_ISA_USAGE = YES_ERROR;
				CLANG_WARN_DOCUMENTATION_COMMENTS = YES;
				CLANG_WARN_EMPTY_BODY = YES;
				CLANG_WARN_ENUM_CONVERSION = YES;
				CLANG_WARN_INFINITE_RECURSION = YES;
				CLANG_WARN_INT_CONVERSION = YES;
				CLANG_WARN_NON_LITERAL_NULL_CONVERSION = YES;
				CLANG_WARN_OBJC_IMPLICIT_RETAIN_SELF = YES;
				CLANG_WARN_OBJC_LITERAL_CONVERSION = YES;
				CLANG_WARN_OBJC_ROOT_CLASS = YES_ERROR;
				CLANG_WARN_QUOTED_INCLUDE_IN_FRAMEWORK_HEADER = YES;
				CLANG_WARN_RANGE_LOOP_ANALYSIS = YES;
				CLANG_WARN_STRICT_PROTOTYPES = YES;
				CLANG_WARN_SUSPICIOUS_MOVE = YES;
				CLANG_WARN_UNGUARDED_AVAILABILITY = YES_AGGRESSIVE;
				CLANG_WARN_UNREACHABLE_CODE = YES;
				CLANG_WARN__DUPLICATE_METHOD_MATCH = YES;
				COPY_PHASE_STRIP = NO;
				DEBUG_INFORMATION_FORMAT = "dwarf-with-dsym";
				ENABLE_NS_ASSERTIONS = NO;
				ENABLE_STRICT_OBJC_MSGSEND = YES;
				GCC_C_LANGUAGE_STANDARD = gnu11;
				GCC_NO_COMMON_BLOCKS = YES;
				GCC_WARN_64_TO_32_BIT_CONVERSION = YES;
				GCC_WARN_ABOUT_RETURN_TYPE = YES_ERROR;
				GCC_WARN_UNDECLARED_SELECTOR = YES;
				GCC_WARN_UNINITIALIZED_AUTOS = YES_AGGRESSIVE;
				GCC_WARN_UNUSED_FUNCTION = YES;
				GCC_WARN_UNUSED_VARIABLE = YES;
				IPHONEOS_DEPLOYMENT_TARGET = 15.0;
				MTL_ENABLE_DEBUG_INFO = NO;
				MTL_FAST_MATH = YES;
				SDKROOT = iphoneos;
				SWIFT_COMPILATION_MODE = wholemodule;
				SWIFT_OPTIMIZATION_LEVEL = "-O";
				VALIDATE_PRODUCT = YES;
			};
			name = Release;
		};
		2B131ADF26CD1ED000CCE2DB /* Debug */ = {
			isa = XCBuildConfiguration;
			buildSettings = {
				ASSETCATALOG_COMPILER_APPICON_NAME = AppIcon;
				ASSETCATALOG_COMPILER_GLOBAL_ACCENT_COLOR_NAME = AccentColor;
				CODE_SIGN_STYLE = Automatic;
				CURRENT_PROJECT_VERSION = 1;
				DEVELOPMENT_TEAM = 73842P7FP7;
				GENERATE_INFOPLIST_FILE = YES;
				INFOPLIST_KEY_UIApplicationSupportsIndirectInputEvents = YES;
				INFOPLIST_KEY_UILaunchStoryboardName = LaunchScreen;
				INFOPLIST_KEY_UIMainStoryboardFile = Main;
				INFOPLIST_KEY_UIStatusBarHidden = YES;
				INFOPLIST_KEY_UISupportedInterfaceOrientations_iPad = "UIInterfaceOrientationLandscapeLeft UIInterfaceOrientationLandscapeRight";
				INFOPLIST_KEY_UISupportedInterfaceOrientations_iPhone = "UIInterfaceOrientationPortrait UIInterfaceOrientationLandscapeLeft UIInterfaceOrientationLandscapeRight";
				LD_RUNPATH_SEARCH_PATHS = (
					"$(inherited)",
					"@executable_path/Frameworks",
				);
				MARKETING_VERSION = 1.0;
				PRODUCT_BUNDLE_IDENTIFIER = com.library.Project14;
				PRODUCT_NAME = "$(TARGET_NAME)";
				SWIFT_EMIT_LOC_STRINGS = YES;
				SWIFT_VERSION = 5.0;
				TARGETED_DEVICE_FAMILY = 2;
			};
			name = Debug;
		};
		2B131AE026CD1ED000CCE2DB /* Release */ = {
			isa = XCBuildConfiguration;
			buildSettings = {
				ASSETCATALOG_COMPILER_APPICON_NAME = AppIcon;
				ASSETCATALOG_COMPILER_GLOBAL_ACCENT_COLOR_NAME = AccentColor;
				CODE_SIGN_STYLE = Automatic;
				CURRENT_PROJECT_VERSION = 1;
				DEVELOPMENT_TEAM = 73842P7FP7;
				GENERATE_INFOPLIST_FILE = YES;
				INFOPLIST_KEY_UIApplicationSupportsIndirectInputEvents = YES;
				INFOPLIST_KEY_UILaunchStoryboardName = LaunchScreen;
				INFOPLIST_KEY_UIMainStoryboardFile = Main;
				INFOPLIST_KEY_UIStatusBarHidden = YES;
				INFOPLIST_KEY_UISupportedInterfaceOrientations_iPad = "UIInterfaceOrientationLandscapeLeft UIInterfaceOrientationLandscapeRight";
				INFOPLIST_KEY_UISupportedInterfaceOrientations_iPhone = "UIInterfaceOrientationPortrait UIInterfaceOrientationLandscapeLeft UIInterfaceOrientationLandscapeRight";
				LD_RUNPATH_SEARCH_PATHS = (
					"$(inherited)",
					"@executable_path/Frameworks",
				);
				MARKETING_VERSION = 1.0;
				PRODUCT_BUNDLE_IDENTIFIER = com.library.Project14;
				PRODUCT_NAME = "$(TARGET_NAME)";
				SWIFT_EMIT_LOC_STRINGS = YES;
				SWIFT_VERSION = 5.0;
				TARGETED_DEVICE_FAMILY = 2;
			};
			name = Release;
		};
/* End XCBuildConfiguration section */

/* Begin XCConfigurationList section */
		2B131AC226CD1ECE00CCE2DB /* Build configuration list for PBXProject "Project14" */ = {
			isa = XCConfigurationList;
			buildConfigurations = (
				2B131ADC26CD1ED000CCE2DB /* Debug */,
				2B131ADD26CD1ED000CCE2DB /* Release */,
			);
			defaultConfigurationIsVisible = 0;
			defaultConfigurationName = Release;
		};
		2B131ADE26CD1ED000CCE2DB /* Build configuration list for PBXNativeTarget "Project14" */ = {
			isa = XCConfigurationList;
			buildConfigurations = (
				2B131ADF26CD1ED000CCE2DB /* Debug */,
				2B131AE026CD1ED000CCE2DB /* Release */,
			);
			defaultConfigurationIsVisible = 0;
			defaultConfigurationName = Release;
		};
/* End XCConfigurationList section */
	};
	rootObject = 2B131ABF26CD1ECE00CCE2DB /* Project object */;
}
