// !$*UTF8*$!
{
	archiveVersion = 1;
	classes = {
	};
	objectVersion = 50;
	objects = {

/* Begin PBXBuildFile section */
		2B3FEECF269D4C3A005993F0 /* TodosListApp.swift in Sources */ = {isa = PBXBuildFile; fileRef = 2B3FEECE269D4C3A005993F0 /* TodosListApp.swift */; };
		2B3FEED1269D4C3A005993F0 /* ContentView.swift in Sources */ = {isa = PBXBuildFile; fileRef = 2B3FEED0269D4C3A005993F0 /* ContentView.swift */; };
		2B3FEED3269D4C3C005993F0 /* Assets.xcassets in Resources */ = {isa = PBXBuildFile; fileRef = 2B3FEED2269D4C3C005993F0 /* Assets.xcassets */; };
		2B3FEED6269D4C3C005993F0 /* Preview Assets.xcassets in Resources */ = {isa = PBXBuildFile; fileRef = 2B3FEED5269D4C3C005993F0 /* Preview Assets.xcassets */; };
		2B3FEEDF269D4C65005993F0 /* TodosList.xcdatamodeld in Sources */ = {isa = PBXBuildFile; fileRef = 2B3FEEDD269D4C65005993F0 /* TodosList.xcdatamodeld */; };
/* End PBXBuildFile section */

/* Begin PBXFileReference section */
		2B3FEECB269D4C3A005993F0 /* TodosList.app */ = {isa = PBXFileReference; explicitFileType = wrapper.application; includeInIndex = 0; path = TodosList.app; sourceTree = BUILT_PRODUCTS_DIR; };
		2B3FEECE269D4C3A005993F0 /* TodosListApp.swift */ = {isa = PBXFileReference; lastKnownFileType = sourcecode.swift; path = TodosListApp.swift; sourceTree = "<group>"; };
		2B3FEED0269D4C3A005993F0 /* ContentView.swift */ = {isa = PBXFileReference; lastKnownFileType = sourcecode.swift; path = ContentView.swift; sourceTree = "<group>"; };
		2B3FEED2269D4C3C005993F0 /* Assets.xcassets */ = {isa = PBXFileReference; lastKnownFileType = folder.assetcatalog; path = Assets.xcassets; sourceTree = "<group>"; };
		2B3FEED5269D4C3C005993F0 /* Preview Assets.xcassets */ = {isa = PBXFileReference; lastKnownFileType = folder.assetcatalog; path = "Preview Assets.xcassets"; sourceTree = "<group>"; };
		2B3FEED7269D4C3C005993F0 /* Info.plist */ = {isa = PBXFileReference; lastKnownFileType = text.plist.xml; path = Info.plist; sourceTree = "<group>"; };
		2B3FEEDE269D4C65005993F0 /* TodosList.xcdatamodel */ = {isa = PBXFileReference; lastKnownFileType = wrapper.xcdatamodel; path = TodosList.xcdatamodel; sourceTree = "<group>"; };
/* End PBXFileReference section */

/* Begin PBXFrameworksBuildPhase section */
		2B3FEEC8269D4C3A005993F0 /* Frameworks */ = {
			isa = PBXFrameworksBuildPhase;
			buildActionMask = 2147483647;
			files = (
			);
			runOnlyForDeploymentPostprocessing = 0;
		};
/* End PBXFrameworksBuildPhase section */

/* Begin PBXGroup section */
		2B3FEEC2269D4C3A005993F0 = {
			isa = PBXGroup;
			children = (
				2B3FEECD269D4C3A005993F0 /* TodosList */,
				2B3FEECC269D4C3A005993F0 /* Products */,
			);
			sourceTree = "<group>";
		};
		2B3FEECC269D4C3A005993F0 /* Products */ = {
			isa = PBXGroup;
			children = (
				2B3FEECB269D4C3A005993F0 /* TodosList.app */,
			);
			name = Products;
			sourceTree = "<group>";
		};
		2B3FEECD269D4C3A005993F0 /* TodosList */ = {
			isa = PBXGroup;
			children = (
				2B3FEECE269D4C3A005993F0 /* TodosListApp.swift */,
				2B3FEED0269D4C3A005993F0 /* ContentView.swift */,
				2B3FEEDD269D4C65005993F0 /* TodosList.xcdatamodeld */,
				2B3FEED2269D4C3C005993F0 /* Assets.xcassets */,
				2B3FEED7269D4C3C005993F0 /* Info.plist */,
				2B3FEED4269D4C3C005993F0 /* Preview Content */,
			);
			path = TodosList;
			sourceTree = "<group>";
		};
		2B3FEED4269D4C3C005993F0 /* Preview Content */ = {
			isa = PBXGroup;
			children = (
				2B3FEED5269D4C3C005993F0 /* Preview Assets.xcassets */,
			);
			path = "Preview Content";
			sourceTree = "<group>";
		};
/* End PBXGroup section */

/* Begin PBXNativeTarget section */
		2B3FEECA269D4C3A005993F0 /* TodosList */ = {
			isa = PBXNativeTarget;
			buildConfigurationList = 2B3FEEDA269D4C3C005993F0 /* Build configuration list for PBXNativeTarget "TodosList" */;
			buildPhases = (
				2B3FEEC7269D4C3A005993F0 /* Sources */,
				2B3FEEC8269D4C3A005993F0 /* Frameworks */,
				2B3FEEC9269D4C3A005993F0 /* Resources */,
			);
			buildRules = (
			);
			dependencies = (
			);
			name = TodosList;
			productName = TodosList;
			productReference = 2B3FEECB269D4C3A005993F0 /* TodosList.app */;
			productType = "com.apple.product-type.application";
		};
/* End PBXNativeTarget section */

/* Begin PBXProject section */
		2B3FEEC3269D4C3A005993F0 /* Project object */ = {
			isa = PBXProject;
			attributes = {
				LastSwiftUpdateCheck = 1250;
				LastUpgradeCheck = 1250;
				TargetAttributes = {
					2B3FEECA269D4C3A005993F0 = {
						CreatedOnToolsVersion = 12.5.1;
					};
				};
			};
			buildConfigurationList = 2B3FEEC6269D4C3A005993F0 /* Build configuration list for PBXProject "TodosList" */;
			compatibilityVersion = "Xcode 9.3";
			developmentRegion = en;
			hasScannedForEncodings = 0;
			knownRegions = (
				en,
				Base,
			);
			mainGroup = 2B3FEEC2269D4C3A005993F0;
			productRefGroup = 2B3FEECC269D4C3A005993F0 /* Products */;
			projectDirPath = "";
			projectRoot = "";
			targets = (
				2B3FEECA269D4C3A005993F0 /* TodosList */,
			);
		};
/* End PBXProject section */

/* Begin PBXResourcesBuildPhase section */
		2B3FEEC9269D4C3A005993F0 /* Resources */ = {
			isa = PBXResourcesBuildPhase;
			buildActionMask = 2147483647;
			files = (
				2B3FEED6269D4C3C005993F0 /* Preview Assets.xcassets in Resources */,
				2B3FEED3269D4C3C005993F0 /* Assets.xcassets in Resources */,
			);
			runOnlyForDeploymentPostprocessing = 0;
		};
/* End PBXResourcesBuildPhase section */

/* Begin PBXSourcesBuildPhase section */
		2B3FEEC7269D4C3A005993F0 /* Sources */ = {
			isa = PBXSourcesBuildPhase;
			buildActionMask = 2147483647;
			files = (
				2B3FEEDF269D4C65005993F0 /* TodosList.xcdatamodeld in Sources */,
				2B3FEED1269D4C3A005993F0 /* ContentView.swift in Sources */,
				2B3FEECF269D4C3A005993F0 /* TodosListApp.swift in Sources */,
			);
			runOnlyForDeploymentPostprocessing = 0;
		};
/* End PBXSourcesBuildPhase section */

/* Begin XCBuildConfiguration section */
		2B3FEED8269D4C3C005993F0 /* Debug */ = {
			isa = XCBuildConfiguration;
			buildSettings = {
				ALWAYS_SEARCH_USER_PATHS = NO;
				CLANG_ANALYZER_NONNULL = YES;
				CLANG_ANALYZER_NUMBER_OBJECT_CONVERSION = YES_AGGRESSIVE;
				CLANG_CXX_LANGUAGE_STANDARD = "gnu++14";
				CLANG_CXX_LIBRARY = "libc++";
				CLANG_ENABLE_MODULES = YES;
				CLANG_ENABLE_OBJC_ARC = YES;
				CLANG_ENABLE_OBJC_WEAK = YES;
				CLANG_WARN_BLOCK_CAPTURE_AUTORELEASING = YES;
				CLANG_WARN_BOOL_CONVERSION = YES;
				CLANG_WARN_COMMA = YES;
				CLANG_WARN_CONSTANT_CONVERSION = YES;
				CLANG_WARN_DEPRECATED_OBJC_IMPLEMENTATIONS = YES;
				CLANG_WARN_DIRECT_OBJC_ISA_USAGE = YES_ERROR;
				CLANG_WARN_DOCUMENTATION_COMMENTS = YES;
				CLANG_WARN_EMPTY_BODY = YES;
				CLANG_WARN_ENUM_CONVERSION = YES;
				CLANG_WARN_INFINITE_RECURSION = YES;
				CLANG_WARN_INT_CONVERSION = YES;
				CLANG_WARN_NON_LITERAL_NULL_CONVERSION = YES;
				CLANG_WARN_OBJC_IMPLICIT_RETAIN_SELF = YES;
				CLANG_WARN_OBJC_LITERAL_CONVERSION = YES;
				CLANG_WARN_OBJC_ROOT_CLASS = YES_ERROR;
				CLANG_WARN_QUOTED_INCLUDE_IN_FRAMEWORK_HEADER = YES;
				CLANG_WARN_RANGE_LOOP_ANALYSIS = YES;
				CLANG_WARN_STRICT_PROTOTYPES = YES;
				CLANG_WARN_SUSPICIOUS_MOVE = YES;
				CLANG_WARN_UNGUARDED_AVAILABILITY = YES_AGGRESSIVE;
				CLANG_WARN_UNREACHABLE_CODE = YES;
				CLANG_WARN__DUPLICATE_METHOD_MATCH = YES;
				COPY_PHASE_STRIP = NO;
				DEBUG_INFORMATION_FORMAT = dwarf;
				ENABLE_STRICT_OBJC_MSGSEND = YES;
				ENABLE_TESTABILITY = YES;
				GCC_C_LANGUAGE_STANDARD = gnu11;
				GCC_DYNAMIC_NO_PIC = NO;
				GCC_NO_COMMON_BLOCKS = YES;
				GCC_OPTIMIZATION_LEVEL = 0;
				GCC_PREPROCESSOR_DEFINITIONS = (
					"DEBUG=1",
					"$(inherited)",
				);
				GCC_WARN_64_TO_32_BIT_CONVERSION = YES;
				GCC_WARN_ABOUT_RETURN_TYPE = YES_ERROR;
				GCC_WARN_UNDECLARED_SELECTOR = YES;
				GCC_WARN_UNINITIALIZED_AUTOS = YES_AGGRESSIVE;
				GCC_WARN_UNUSED_FUNCTION = YES;
				GCC_WARN_UNUSED_VARIABLE = YES;
				IPHONEOS_DEPLOYMENT_TARGET = 14.5;
				MTL_ENABLE_DEBUG_INFO = INCLUDE_SOURCE;
				MTL_FAST_MATH = YES;
				ONLY_ACTIVE_ARCH = YES;
				SDKROOT = iphoneos;
				SWIFT_ACTIVE_COMPILATION_CONDITIONS = DEBUG;
				SWIFT_OPTIMIZATION_LEVEL = "-Onone";
			};
			name = Debug;
		};
		2B3FEED9269D4C3C005993F0 /* Release */ = {
			isa = XCBuildConfiguration;
			buildSettings = {
				ALWAYS_SEARCH_USER_PATHS = NO;
				CLANG_ANALYZER_NONNULL = YES;
				CLANG_ANALYZER_NUMBER_OBJECT_CONVERSION = YES_AGGRESSIVE;
				CLANG_CXX_LANGUAGE_STANDARD = "gnu++14";
				CLANG_CXX_LIBRARY = "libc++";
				CLANG_ENABLE_MODULES = YES;
				CLANG_ENABLE_OBJC_ARC = YES;
				CLANG_ENABLE_OBJC_WEAK = YES;
				CLANG_WARN_BLOCK_CAPTURE_AUTORELEASING = YES;
				CLANG_WARN_BOOL_CONVERSION = YES;
				CLANG_WARN_COMMA = YES;
				CLANG_WARN_CONSTANT_CONVERSION = YES;
				CLANG_WARN_DEPRECATED_OBJC_IMPLEMENTATIONS = YES;
				CLANG_WARN_DIRECT_OBJC_ISA_USAGE = YES_ERROR;
				CLANG_WARN_DOCUMENTATION_COMMENTS = YES;
				CLANG_WARN_EMPTY_BODY = YES;
				CLANG_WARN_ENUM_CONVERSION = YES;
				CLANG_WARN_INFINITE_RECURSION = YES;
				CLANG_WARN_INT_CONVERSION = YES;
				CLANG_WARN_NON_LITERAL_NULL_CONVERSION = YES;
				CLANG_WARN_OBJC_IMPLICIT_RETAIN_SELF = YES;
				CLANG_WARN_OBJC_LITERAL_CONVERSION = YES;
				CLANG_WARN_OBJC_ROOT_CLASS = YES_ERROR;
				CLANG_WARN_QUOTED_INCLUDE_IN_FRAMEWORK_HEADER = YES;
				CLANG_WARN_RANGE_LOOP_ANALYSIS = YES;
				CLANG_WARN_STRICT_PROTOTYPES = YES;
				CLANG_WARN_SUSPICIOUS_MOVE = YES;
				CLANG_WARN_UNGUARDED_AVAILABILITY = YES_AGGRESSIVE;
				CLANG_WARN_UNREACHABLE_CODE = YES;
				CLANG_WARN__DUPLICATE_METHOD_MATCH = YES;
				COPY_PHASE_STRIP = NO;
				DEBUG_INFORMATION_FORMAT = "dwarf-with-dsym";
				ENABLE_NS_ASSERTIONS = NO;
				ENABLE_STRICT_OBJC_MSGSEND = YES;
				GCC_C_LANGUAGE_STANDARD = gnu11;
				GCC_NO_COMMON_BLOCKS = YES;
				GCC_WARN_64_TO_32_BIT_CONVERSION = YES;
				GCC_WARN_ABOUT_RETURN_TYPE = YES_ERROR;
				GCC_WARN_UNDECLARED_SELECTOR = YES;
				GCC_WARN_UNINITIALIZED_AUTOS = YES_AGGRESSIVE;
				GCC_WARN_UNUSED_FUNCTION = YES;
				GCC_WARN_UNUSED_VARIABLE = YES;
				IPHONEOS_DEPLOYMENT_TARGET = 14.5;
				MTL_ENABLE_DEBUG_INFO = NO;
				MTL_FAST_MATH = YES;
				SDKROOT = iphoneos;
				SWIFT_COMPILATION_MODE = wholemodule;
				SWIFT_OPTIMIZATION_LEVEL = "-O";
				VALIDATE_PRODUCT = YES;
			};
			name = Release;
		};
		2B3FEEDB269D4C3C005993F0 /* Debug */ = {
			isa = XCBuildConfiguration;
			buildSettings = {
				ASSETCATALOG_COMPILER_APPICON_NAME = AppIcon;
				ASSETCATALOG_COMPILER_GLOBAL_ACCENT_COLOR_NAME = AccentColor;
				CODE_SIGN_STYLE = Automatic;
				DEVELOPMENT_ASSET_PATHS = "\"TodosList/Preview Content\"";
				DEVELOPMENT_TEAM = 73842P7FP7;
				ENABLE_PREVIEWS = YES;
				INFOPLIST_FILE = TodosList/Info.plist;
				IPHONEOS_DEPLOYMENT_TARGET = 14.0;
				LD_RUNPATH_SEARCH_PATHS = (
					"$(inherited)",
					"@executable_path/Frameworks",
				);
				PRODUCT_BUNDLE_IDENTIFIER = com.xunruanpractice.TodosList;
				PRODUCT_NAME = "$(TARGET_NAME)";
				SWIFT_VERSION = 5.0;
				TARGETED_DEVICE_FAMILY = "1,2";
			};
			name = Debug;
		};
		2B3FEEDC269D4C3C005993F0 /* Release */ = {
			isa = XCBuildConfiguration;
			buildSettings = {
				ASSETCATALOG_COMPILER_APPICON_NAME = AppIcon;
				ASSETCATALOG_COMPILER_GLOBAL_ACCENT_COLOR_NAME = AccentColor;
				CODE_SIGN_STYLE = Automatic;
				DEVELOPMENT_ASSET_PATHS = "\"TodosList/Preview Content\"";
				DEVELOPMENT_TEAM = 73842P7FP7;
				ENABLE_PREVIEWS = YES;
				INFOPLIST_FILE = TodosList/Info.plist;
				IPHONEOS_DEPLOYMENT_TARGET = 14.0;
				LD_RUNPATH_SEARCH_PATHS = (
					"$(inherited)",
					"@executable_path/Frameworks",
				);
				PRODUCT_BUNDLE_IDENTIFIER = com.xunruanpractice.TodosList;
				PRODUCT_NAME = "$(TARGET_NAME)";
				SWIFT_VERSION = 5.0;
				TARGETED_DEVICE_FAMILY = "1,2";
			};
			name = Release;
		};
/* End XCBuildConfiguration section */

/* Begin XCConfigurationList section */
		2B3FEEC6269D4C3A005993F0 /* Build configuration list for PBXProject "TodosList" */ = {
			isa = XCConfigurationList;
			buildConfigurations = (
				2B3FEED8269D4C3C005993F0 /* Debug */,
				2B3FEED9269D4C3C005993F0 /* Release */,
			);
			defaultConfigurationIsVisible = 0;
			defaultConfigurationName = Release;
		};
		2B3FEEDA269D4C3C005993F0 /* Build configuration list for PBXNativeTarget "TodosList" */ = {
			isa = XCConfigurationList;
			buildConfigurations = (
				2B3FEEDB269D4C3C005993F0 /* Debug */,
				2B3FEEDC269D4C3C005993F0 /* Release */,
			);
			defaultConfigurationIsVisible = 0;
			defaultConfigurationName = Release;
		};
/* End XCConfigurationList section */

/* Begin XCVersionGroup section */
		2B3FEEDD269D4C65005993F0 /* TodosList.xcdatamodeld */ = {
			isa = XCVersionGroup;
			children = (
				2B3FEEDE269D4C65005993F0 /* TodosList.xcdatamodel */,
			);
			currentVersion = 2B3FEEDE269D4C65005993F0 /* TodosList.xcdatamodel */;
			path = TodosList.xcdatamodeld;
			sourceTree = "<group>";
			versionGroupType = wrapper.xcdatamodel;
		};
/* End XCVersionGroup section */
	};
	rootObject = 2B3FEEC3269D4C3A005993F0 /* Project object */;
}
